
Microsoft Visual Studio Solution File, Format Version 12.00
# Visual Studio Version 17
VisualStudioVersion = 17.5.002.0
MinimumVisualStudioVersion = 10.0.40219.1
Project("{9A19103F-16F7-4668-BE54-9A1E7A4F7556}") = "http", "http.csproj", "{739690B1-9C9B-4EC4-832B-A4985E3ED31F}"
EndProject
Global
	GlobalSection(SolutionConfigurationPlatforms) = preSolution
		Debug|Any CPU = Debug|Any CPU
		Release|Any CPU = Release|Any CPU
	EndGlobalSection
	GlobalSection(ProjectConfigurationPlatforms) = postSolution
		{739690B1-9C9B-4EC4-832B-A4985E3ED31F}.Debug|Any CPU.ActiveCfg = Debug|Any CPU
		{739690B1-9C9B-4EC4-832B-A4985E3ED31F}.Debug|Any CPU.Build.0 = Debug|Any CPU
		{739690B1-9C9B-4EC4-832B-A4985E3ED31F}.Release|Any CPU.ActiveCfg = Release|Any CPU
		{739690B1-9C9B-4EC4-832B-A4985E3ED31F}.Release|Any CPU.Build.0 = Release|Any CPU
	EndGlobalSection
	GlobalSection(SolutionProperties) = preSolution
		HideSolutionNode = FALSE
	EndGlobalSection
	GlobalSection(ExtensibilityGlobals) = postSolution
		SolutionGuid = {C1AF1717-4A0B-4BB1-BA8D-F58E33575646}
	EndGlobalSection
EndGlobal
